
Microsoft Visual Studio Solution File, Format Version 12.00
# Visual Studio 15
Project("{FAE04EC0-301F-11D3-BF4B-00C04F79EFBC}") = "HoloeverMR.RunTime", "HoloeverMR.RunTime.csproj", "{2F1663C8-8065-7786-D6F9-9F5CBC0F6997}"
EndProject
Project("{FAE04EC0-301F-11D3-BF4B-00C04F79EFBC}") = "HoloeverMR.Editor.Assembly", "HoloeverMR.Editor.Assembly.csproj", "{7626459E-BCBA-7EB6-F67E-94FEB6DAC9E1}"
EndProject
Global
	GlobalSection(SolutionConfigurationPlatforms) = preSolution
		Debug|Any CPU = Debug|Any CPU
		Release|Any CPU = Release|Any CPU
	EndGlobalSection
	GlobalSection(ProjectConfigurationPlatforms) = postSolution
		{2F1663C8-8065-7786-D6F9-9F5CBC0F6997}.Debug|Any CPU.ActiveCfg = Debug|Any CPU
		{2F1663C8-8065-7786-D6F9-9F5CBC0F6997}.Debug|Any CPU.Build.0 = Debug|Any CPU
		{2F1663C8-8065-7786-D6F9-9F5CBC0F6997}.Release|Any CPU.ActiveCfg = Release|Any CPU
		{2F1663C8-8065-7786-D6F9-9F5CBC0F6997}.Release|Any CPU.Build.0 = Release|Any CPU
		{7626459E-BCBA-7EB6-F67E-94FEB6DAC9E1}.Debug|Any CPU.ActiveCfg = Debug|Any CPU
		{7626459E-BCBA-7EB6-F67E-94FEB6DAC9E1}.Debug|Any CPU.Build.0 = Debug|Any CPU
		{7626459E-BCBA-7EB6-F67E-94FEB6DAC9E1}.Release|Any CPU.ActiveCfg = Release|Any CPU
		{7626459E-BCBA-7EB6-F67E-94FEB6DAC9E1}.Release|Any CPU.Build.0 = Release|Any CPU
	EndGlobalSection
	GlobalSection(SolutionProperties) = preSolution
		HideSolutionNode = FALSE
	EndGlobalSection
EndGlobal
